// !$*UTF8*$!
{
	archiveVersion = 1;
	classes = {
	};
	objectVersion = 56;
	objects = {

/* Begin PBXBuildFile section */
		C8009BFF2941C551007AA7E8 /* ToggleRealtimeSuggestionsCommand.swift in Sources */ = {isa = PBXBuildFile; fileRef = C8009BFE2941C551007AA7E8 /* ToggleRealtimeSuggestionsCommand.swift */; };
		C8009C032941C576007AA7E8 /* RealtimeSuggestionCommand.swift in Sources */ = {isa = PBXBuildFile; fileRef = C8009C022941C576007AA7E8 /* RealtimeSuggestionCommand.swift */; };
		C800DBB1294C624D00B04CAC /* PrefetchSuggestionsCommand.swift in Sources */ = {isa = PBXBuildFile; fileRef = C800DBB0294C624D00B04CAC /* PrefetchSuggestionsCommand.swift */; };
		C80FFB962A95F58200704A25 /* AcceptPromptToCodeCommand.swift in Sources */ = {isa = PBXBuildFile; fileRef = C80FFB952A95F58200704A25 /* AcceptPromptToCodeCommand.swift */; };
		C81291D72994FE6900196E12 /* Main.storyboard in Resources */ = {isa = PBXBuildFile; fileRef = C81291D52994FE6900196E12 /* Main.storyboard */; };
		C814588F2939EFDC00135263 /* Cocoa.framework in Frameworks */ = {isa = PBXBuildFile; fileRef = C814588E2939EFDC00135263 /* Cocoa.framework */; };
		C81458942939EFDC00135263 /* SourceEditorExtension.swift in Sources */ = {isa = PBXBuildFile; fileRef = C81458932939EFDC00135263 /* SourceEditorExtension.swift */; };
		C81458962939EFDC00135263 /* GetSuggestionsCommand.swift in Sources */ = {isa = PBXBuildFile; fileRef = C81458952939EFDC00135263 /* GetSuggestionsCommand.swift */; };
		C814589B2939EFDC00135263 /* Copilot.appex in Embed Foundation Extensions */ = {isa = PBXBuildFile; fileRef = C814588C2939EFDC00135263 /* Copilot.appex */; settings = {ATTRIBUTES = (RemoveHeadersOnCopy, ); }; };
		C8189B1A2938972F00C9DCDA /* App.swift in Sources */ = {isa = PBXBuildFile; fileRef = C8189B192938972F00C9DCDA /* App.swift */; };
		C8189B1E2938973000C9DCDA /* Assets.xcassets in Resources */ = {isa = PBXBuildFile; fileRef = C8189B1D2938973000C9DCDA /* Assets.xcassets */; };
		C8189B212938973000C9DCDA /* Preview Assets.xcassets in Resources */ = {isa = PBXBuildFile; fileRef = C8189B202938973000C9DCDA /* Preview Assets.xcassets */; };
		C8216B73298036EC00AD38C7 /* main.swift in Sources */ = {isa = PBXBuildFile; fileRef = C8216B72298036EC00AD38C7 /* main.swift */; };
		C8216B782980370100AD38C7 /* ReloadLaunchAgent.swift in Sources */ = {isa = PBXBuildFile; fileRef = C8216B772980370100AD38C7 /* ReloadLaunchAgent.swift */; };
		C8216B7D2980374300AD38C7 /* ArgumentParser in Frameworks */ = {isa = PBXBuildFile; productRef = C8216B7C2980374300AD38C7 /* ArgumentParser */; };
		C8216B802980378300AD38C7 /* Helper in Embed XPCService */ = {isa = PBXBuildFile; fileRef = C8216B70298036EC00AD38C7 /* Helper */; settings = {ATTRIBUTES = (CodeSignOnCopy, ); }; };
		C828B27F2B1F7B4F00E7612A /* ExtensionPoint.appextensionpoint in Copy Extension Point */ = {isa = PBXBuildFile; fileRef = C828B27D2B1F241500E7612A /* ExtensionPoint.appextensionpoint */; };
		C8520301293C4D9000460097 /* Helpers.swift in Sources */ = {isa = PBXBuildFile; fileRef = C8520300293C4D9000460097 /* Helpers.swift */; };
		C861A6A329E5503F005C41A3 /* PromptToCodeCommand.swift in Sources */ = {isa = PBXBuildFile; fileRef = C861A6A229E5503F005C41A3 /* PromptToCodeCommand.swift */; };
		C861E6112994F6070056CB02 /* AppDelegate.swift in Sources */ = {isa = PBXBuildFile; fileRef = C861E6102994F6070056CB02 /* AppDelegate.swift */; };
		C861E6152994F6080056CB02 /* Assets.xcassets in Resources */ = {isa = PBXBuildFile; fileRef = C861E6142994F6080056CB02 /* Assets.xcassets */; };
		C861E61E2994F6150056CB02 /* Service in Frameworks */ = {isa = PBXBuildFile; productRef = C861E61D2994F6150056CB02 /* Service */; };
		C861E6202994F63A0056CB02 /* ServiceDelegate.swift in Sources */ = {isa = PBXBuildFile; fileRef = C861E61F2994F6390056CB02 /* ServiceDelegate.swift */; };
		C86612F82A06AF74009197D9 /* HostApp in Frameworks */ = {isa = PBXBuildFile; productRef = C86612F72A06AF74009197D9 /* HostApp */; };
		C8738B662BE4D4B900609E7F /* main.swift in Sources */ = {isa = PBXBuildFile; fileRef = C8738B652BE4D4B900609E7F /* main.swift */; };
		C8738B6B2BE4D56F00609E7F /* ServiceDelegate.swift in Sources */ = {isa = PBXBuildFile; fileRef = C8738B6A2BE4D56F00609E7F /* ServiceDelegate.swift */; };
		C8738B6F2BE4F7A600609E7F /* XPCShared in Frameworks */ = {isa = PBXBuildFile; productRef = C8738B6E2BE4F7A600609E7F /* XPCShared */; };
		C8738B712BE4F8B700609E7F /* XPCController.swift in Sources */ = {isa = PBXBuildFile; fileRef = C8738B702BE4F8B700609E7F /* XPCController.swift */; };
		C8738B7B2BE5363800609E7F /* SandboxedClientTesterApp.swift in Sources */ = {isa = PBXBuildFile; fileRef = C8738B7A2BE5363800609E7F /* SandboxedClientTesterApp.swift */; };
		C8738B7D2BE5363800609E7F /* ContentView.swift in Sources */ = {isa = PBXBuildFile; fileRef = C8738B7C2BE5363800609E7F /* ContentView.swift */; };
		C8738B7F2BE5363900609E7F /* Assets.xcassets in Resources */ = {isa = PBXBuildFile; fileRef = C8738B7E2BE5363900609E7F /* Assets.xcassets */; };
		C8738B822BE5363900609E7F /* Preview Assets.xcassets in Resources */ = {isa = PBXBuildFile; fileRef = C8738B812BE5363900609E7F /* Preview Assets.xcassets */; };
		C8738B882BE5365000609E7F /* Client in Frameworks */ = {isa = PBXBuildFile; productRef = C8738B872BE5365000609E7F /* Client */; };
		C8738B8A2BE540D000609E7F /* bridgeLaunchAgent.plist in Copy Launch Agent */ = {isa = PBXBuildFile; fileRef = C8738B6D2BE4F3E800609E7F /* bridgeLaunchAgent.plist */; };
		C8738B8B2BE540DD00609E7F /* CommunicationBridge in Embed XPCService */ = {isa = PBXBuildFile; fileRef = C8738B632BE4D4B900609E7F /* CommunicationBridge */; settings = {ATTRIBUTES = (CodeSignOnCopy, ); }; };
		C8758E7029F04BFF00D29C1C /* CustomCommand.swift in Sources */ = {isa = PBXBuildFile; fileRef = C8758E6F29F04BFF00D29C1C /* CustomCommand.swift */; };
		C8758E7229F04CF100D29C1C /* SeparatorCommand.swift in Sources */ = {isa = PBXBuildFile; fileRef = C8758E7129F04CF100D29C1C /* SeparatorCommand.swift */; };
		C87B03A5293B261200C77EAE /* AcceptSuggestionCommand.swift in Sources */ = {isa = PBXBuildFile; fileRef = C87B03A4293B261200C77EAE /* AcceptSuggestionCommand.swift */; };
		C87B03A7293B261900C77EAE /* RejectSuggestionCommand.swift in Sources */ = {isa = PBXBuildFile; fileRef = C87B03A6293B261900C77EAE /* RejectSuggestionCommand.swift */; };
		C87B03A9293B262600C77EAE /* NextSuggestionCommand.swift in Sources */ = {isa = PBXBuildFile; fileRef = C87B03A8293B262600C77EAE /* NextSuggestionCommand.swift */; };
		C87B03AB293B262E00C77EAE /* PreviousSuggestionCommand.swift in Sources */ = {isa = PBXBuildFile; fileRef = C87B03AA293B262E00C77EAE /* PreviousSuggestionCommand.swift */; };
		C87B03AC293B2CF300C77EAE /* XcodeKit.framework in Frameworks */ = {isa = PBXBuildFile; fileRef = C81458902939EFDC00135263 /* XcodeKit.framework */; };
		C87B03AD293B2CF300C77EAE /* XcodeKit.framework in Embed Frameworks */ = {isa = PBXBuildFile; fileRef = C81458902939EFDC00135263 /* XcodeKit.framework */; settings = {ATTRIBUTES = (CodeSignOnCopy, RemoveHeadersOnCopy, ); }; };
		C882175C294187EF00A22FD3 /* Client in Frameworks */ = {isa = PBXBuildFile; productRef = C882175B294187EF00A22FD3 /* Client */; };
		C89E75C32A46FB32000DD64F /* AppDelegate+Menu.swift in Sources */ = {isa = PBXBuildFile; fileRef = C89E75C22A46FB32000DD64F /* AppDelegate+Menu.swift */; };
		C8C8B60929AFA35F00034BEE /* CopilotForXcodeExtensionService.app in Embed XPCService */ = {isa = PBXBuildFile; fileRef = C861E60E2994F6070056CB02 /* CopilotForXcodeExtensionService.app */; settings = {ATTRIBUTES = (RemoveHeadersOnCopy, ); }; };
		C8DCF00029CE11D500FDDDD7 /* OpenChat.swift in Sources */ = {isa = PBXBuildFile; fileRef = C8DCEFFF29CE11D500FDDDD7 /* OpenChat.swift */; };
		C8DD9CB12BC673F80036641C /* CloseIdleTabsCommand.swift in Sources */ = {isa = PBXBuildFile; fileRef = C8DD9CB02BC673F80036641C /* CloseIdleTabsCommand.swift */; };
/* End PBXBuildFile section */

/* Begin PBXContainerItemProxy section */
		C81291AF2994F92700196E12 /* PBXContainerItemProxy */ = {
			isa = PBXContainerItemProxy;
			containerPortal = C8189B0E2938972F00C9DCDA /* Project object */;
			proxyType = 1;
			remoteGlobalIDString = C861E60D2994F6070056CB02;
			remoteInfo = ExtensionService;
		};
		C81458992939EFDC00135263 /* PBXContainerItemProxy */ = {
			isa = PBXContainerItemProxy;
			containerPortal = C8189B0E2938972F00C9DCDA /* Project object */;
			proxyType = 1;
			remoteGlobalIDString = C814588B2939EFDC00135263;
			remoteInfo = EditorExtension;
		};
		C8216B7E2980377E00AD38C7 /* PBXContainerItemProxy */ = {
			isa = PBXContainerItemProxy;
			containerPortal = C8189B0E2938972F00C9DCDA /* Project object */;
			proxyType = 1;
			remoteGlobalIDString = C8216B6F298036EC00AD38C7;
			remoteInfo = Helper;
		};
		C8738B8C2BE540F900609E7F /* PBXContainerItemProxy */ = {
			isa = PBXContainerItemProxy;
			containerPortal = C8189B0E2938972F00C9DCDA /* Project object */;
			proxyType = 1;
			remoteGlobalIDString = C8738B622BE4D4B900609E7F;
			remoteInfo = CommunicationBridge;
		};
/* End PBXContainerItemProxy section */

/* Begin PBXCopyFilesBuildPhase section */
		C814589F2939EFDC00135263 /* Embed Foundation Extensions */ = {
			isa = PBXCopyFilesBuildPhase;
			buildActionMask = 2147483647;
			dstPath = "";
			dstSubfolderSpec = 13;
			files = (
				C814589B2939EFDC00135263 /* Copilot.appex in Embed Foundation Extensions */,
			);
			name = "Embed Foundation Extensions";
			runOnlyForDeploymentPostprocessing = 0;
		};
		C8216B6E298036EC00AD38C7 /* CopyFiles */ = {
			isa = PBXCopyFilesBuildPhase;
			buildActionMask = 2147483647;
			dstPath = /usr/share/man/man1/;
			dstSubfolderSpec = 0;
			files = (
			);
			runOnlyForDeploymentPostprocessing = 1;
		};
		C828B27E2B1F7B3C00E7612A /* Copy Extension Point */ = {
			isa = PBXCopyFilesBuildPhase;
			buildActionMask = 2147483647;
			dstPath = "$(EXTENSIONS_FOLDER_PATH)";
			dstSubfolderSpec = 16;
			files = (
				C828B27F2B1F7B4F00E7612A /* ExtensionPoint.appextensionpoint in Copy Extension Point */,
			);
			name = "Copy Extension Point";
			runOnlyForDeploymentPostprocessing = 0;
		};
		C8520306293CF0EF00460097 /* Embed XPCService */ = {
			isa = PBXCopyFilesBuildPhase;
			buildActionMask = 2147483647;
			dstPath = ../Applications;
			dstSubfolderSpec = 6;
			files = (
				C8738B8B2BE540DD00609E7F /* CommunicationBridge in Embed XPCService */,
				C8216B802980378300AD38C7 /* Helper in Embed XPCService */,
				C8C8B60929AFA35F00034BEE /* CopilotForXcodeExtensionService.app in Embed XPCService */,
			);
			name = "Embed XPCService";
			runOnlyForDeploymentPostprocessing = 0;
		};
		C8738B612BE4D4B900609E7F /* CopyFiles */ = {
			isa = PBXCopyFilesBuildPhase;
			buildActionMask = 12;
			dstPath = "";
			dstSubfolderSpec = 16;
			files = (
			);
			runOnlyForDeploymentPostprocessing = 0;
		};
		C87B03AE293B2CF300C77EAE /* Embed Frameworks */ = {
			isa = PBXCopyFilesBuildPhase;
			buildActionMask = 2147483647;
			dstPath = "";
			dstSubfolderSpec = 10;
			files = (
				C87B03AD293B2CF300C77EAE /* XcodeKit.framework in Embed Frameworks */,
			);
			name = "Embed Frameworks";
			runOnlyForDeploymentPostprocessing = 0;
		};
		C8C8B60829AFA32800034BEE /* Embed Service */ = {
			isa = PBXCopyFilesBuildPhase;
			buildActionMask = 2147483647;
			dstPath = "$(CONTENTS_FOLDER_PATH)/XPCServices";
			dstSubfolderSpec = 16;
			files = (
			);
			name = "Embed Service";
			runOnlyForDeploymentPostprocessing = 0;
		};
		C8F1032A2A7A38D200D28F4F /* Copy Launch Agent */ = {
			isa = PBXCopyFilesBuildPhase;
			buildActionMask = 12;
			dstPath = Contents/Library/LaunchAgents;
			dstSubfolderSpec = 1;
			files = (
				C8738B8A2BE540D000609E7F /* bridgeLaunchAgent.plist in Copy Launch Agent */,
			);
			name = "Copy Launch Agent";
			runOnlyForDeploymentPostprocessing = 0;
		};
/* End PBXCopyFilesBuildPhase section */

/* Begin PBXFileReference section */
		C8009BFE2941C551007AA7E8 /* ToggleRealtimeSuggestionsCommand.swift */ = {isa = PBXFileReference; lastKnownFileType = sourcecode.swift; path = ToggleRealtimeSuggestionsCommand.swift; sourceTree = "<group>"; };
		C8009C022941C576007AA7E8 /* RealtimeSuggestionCommand.swift */ = {isa = PBXFileReference; lastKnownFileType = sourcecode.swift; path = RealtimeSuggestionCommand.swift; sourceTree = "<group>"; };
		C800DBB0294C624D00B04CAC /* PrefetchSuggestionsCommand.swift */ = {isa = PBXFileReference; lastKnownFileType = sourcecode.swift; path = PrefetchSuggestionsCommand.swift; sourceTree = "<group>"; };
		C80FFB952A95F58200704A25 /* AcceptPromptToCodeCommand.swift */ = {isa = PBXFileReference; lastKnownFileType = sourcecode.swift; path = AcceptPromptToCodeCommand.swift; sourceTree = "<group>"; };
		C81291D52994FE6900196E12 /* Main.storyboard */ = {isa = PBXFileReference; fileEncoding = 4; lastKnownFileType = file.storyboard; path = Main.storyboard; sourceTree = "<group>"; };
		C81291D92994FE7900196E12 /* Info.plist */ = {isa = PBXFileReference; lastKnownFileType = text.plist; path = Info.plist; sourceTree = "<group>"; };
		C814588C2939EFDC00135263 /* Copilot.appex */ = {isa = PBXFileReference; explicitFileType = "wrapper.app-extension"; includeInIndex = 0; path = Copilot.appex; sourceTree = BUILT_PRODUCTS_DIR; };
		C814588E2939EFDC00135263 /* Cocoa.framework */ = {isa = PBXFileReference; lastKnownFileType = wrapper.framework; name = Cocoa.framework; path = System/Library/Frameworks/Cocoa.framework; sourceTree = SDKROOT; };
		C81458902939EFDC00135263 /* XcodeKit.framework */ = {isa = PBXFileReference; lastKnownFileType = wrapper.framework; name = XcodeKit.framework; path = Library/Frameworks/XcodeKit.framework; sourceTree = DEVELOPER_DIR; };
		C81458932939EFDC00135263 /* SourceEditorExtension.swift */ = {isa = PBXFileReference; lastKnownFileType = sourcecode.swift; path = SourceEditorExtension.swift; sourceTree = "<group>"; };
		C81458952939EFDC00135263 /* GetSuggestionsCommand.swift */ = {isa = PBXFileReference; lastKnownFileType = sourcecode.swift; path = GetSuggestionsCommand.swift; sourceTree = "<group>"; };
		C81458972939EFDC00135263 /* Info.plist */ = {isa = PBXFileReference; lastKnownFileType = text.plist.xml; path = Info.plist; sourceTree = "<group>"; };
		C81458982939EFDC00135263 /* EditorExtension.entitlements */ = {isa = PBXFileReference; lastKnownFileType = text.plist.entitlements; path = EditorExtension.entitlements; sourceTree = "<group>"; };
		C81458AD293A009600135263 /* Config.xcconfig */ = {isa = PBXFileReference; lastKnownFileType = text.xcconfig; path = Config.xcconfig; sourceTree = "<group>"; };
		C81458AE293A009800135263 /* Config.debug.xcconfig */ = {isa = PBXFileReference; lastKnownFileType = text.xcconfig; path = Config.debug.xcconfig; sourceTree = "<group>"; };
		C8189B162938972F00C9DCDA /* Copilot for Xcode Dev.app */ = {isa = PBXFileReference; explicitFileType = wrapper.application; includeInIndex = 0; path = "Copilot for Xcode Dev.app"; sourceTree = BUILT_PRODUCTS_DIR; };
		C8189B192938972F00C9DCDA /* App.swift */ = {isa = PBXFileReference; lastKnownFileType = sourcecode.swift; path = App.swift; sourceTree = "<group>"; };
		C8189B1D2938973000C9DCDA /* Assets.xcassets */ = {isa = PBXFileReference; lastKnownFileType = folder.assetcatalog; path = Assets.xcassets; sourceTree = "<group>"; };
		C8189B202938973000C9DCDA /* Preview Assets.xcassets */ = {isa = PBXFileReference; lastKnownFileType = folder.assetcatalog; path = "Preview Assets.xcassets"; sourceTree = "<group>"; };
		C8189B222938973000C9DCDA /* Copilot_for_Xcode.entitlements */ = {isa = PBXFileReference; lastKnownFileType = text.plist.entitlements; path = Copilot_for_Xcode.entitlements; sourceTree = "<group>"; };
		C8189B282938979000C9DCDA /* Core */ = {isa = PBXFileReference; lastKnownFileType = wrapper; path = Core; sourceTree = "<group>"; };
		C81D181E2A1B509B006C1B70 /* Tool */ = {isa = PBXFileReference; lastKnownFileType = wrapper; path = Tool; sourceTree = "<group>"; };
		C81E867D296FE4420026E908 /* Version.xcconfig */ = {isa = PBXFileReference; lastKnownFileType = text.xcconfig; path = Version.xcconfig; sourceTree = "<group>"; };
		C8216B70298036EC00AD38C7 /* Helper */ = {isa = PBXFileReference; explicitFileType = "compiled.mach-o.executable"; includeInIndex = 0; path = Helper; sourceTree = BUILT_PRODUCTS_DIR; };
		C8216B72298036EC00AD38C7 /* main.swift */ = {isa = PBXFileReference; lastKnownFileType = sourcecode.swift; path = main.swift; sourceTree = "<group>"; };
		C8216B772980370100AD38C7 /* ReloadLaunchAgent.swift */ = {isa = PBXFileReference; lastKnownFileType = sourcecode.swift; path = ReloadLaunchAgent.swift; sourceTree = "<group>"; };
		C828B27D2B1F241500E7612A /* ExtensionPoint.appextensionpoint */ = {isa = PBXFileReference; lastKnownFileType = text.xml; path = ExtensionPoint.appextensionpoint; sourceTree = "<group>"; };
		C82E38492A1F025F00D4EADF /* LICENSE */ = {isa = PBXFileReference; lastKnownFileType = text; path = LICENSE; sourceTree = "<group>"; };
		C83E5DED2A38CD8C0071506D /* Makefile */ = {isa = PBXFileReference; lastKnownFileType = sourcecode.make; path = Makefile; sourceTree = "<group>"; };
		C8520300293C4D9000460097 /* Helpers.swift */ = {isa = PBXFileReference; lastKnownFileType = sourcecode.swift; path = Helpers.swift; sourceTree = "<group>"; };
		C8520308293D805800460097 /* README.md */ = {isa = PBXFileReference; lastKnownFileType = net.daringfireball.markdown; path = README.md; sourceTree = "<group>"; };
		C861A6A229E5503F005C41A3 /* PromptToCodeCommand.swift */ = {isa = PBXFileReference; lastKnownFileType = sourcecode.swift; path = PromptToCodeCommand.swift; sourceTree = "<group>"; };
		C861E60E2994F6070056CB02 /* CopilotForXcodeExtensionService.app */ = {isa = PBXFileReference; explicitFileType = wrapper.application; includeInIndex = 0; path = CopilotForXcodeExtensionService.app; sourceTree = BUILT_PRODUCTS_DIR; };
		C861E6102994F6070056CB02 /* AppDelegate.swift */ = {isa = PBXFileReference; lastKnownFileType = sourcecode.swift; path = AppDelegate.swift; sourceTree = "<group>"; };
		C861E6142994F6080056CB02 /* Assets.xcassets */ = {isa = PBXFileReference; lastKnownFileType = folder.assetcatalog; path = Assets.xcassets; sourceTree = "<group>"; };
		C861E6192994F6080056CB02 /* ExtensionService.entitlements */ = {isa = PBXFileReference; lastKnownFileType = text.plist.entitlements; path = ExtensionService.entitlements; sourceTree = "<group>"; };
		C861E61F2994F6390056CB02 /* ServiceDelegate.swift */ = {isa = PBXFileReference; lastKnownFileType = sourcecode.swift; path = ServiceDelegate.swift; sourceTree = "<group>"; };
		C8738B632BE4D4B900609E7F /* CommunicationBridge */ = {isa = PBXFileReference; explicitFileType = "compiled.mach-o.executable"; includeInIndex = 0; path = CommunicationBridge; sourceTree = BUILT_PRODUCTS_DIR; };
		C8738B652BE4D4B900609E7F /* main.swift */ = {isa = PBXFileReference; lastKnownFileType = sourcecode.swift; path = main.swift; sourceTree = "<group>"; };
		C8738B6A2BE4D56F00609E7F /* ServiceDelegate.swift */ = {isa = PBXFileReference; lastKnownFileType = sourcecode.swift; path = ServiceDelegate.swift; sourceTree = "<group>"; };
		C8738B6D2BE4F3E800609E7F /* bridgeLaunchAgent.plist */ = {isa = PBXFileReference; lastKnownFileType = text.plist.xml; path = bridgeLaunchAgent.plist; sourceTree = "<group>"; };
		C8738B702BE4F8B700609E7F /* XPCController.swift */ = {isa = PBXFileReference; lastKnownFileType = sourcecode.swift; path = XPCController.swift; sourceTree = "<group>"; };
		C8738B782BE5363800609E7F /* SandboxedClientTester.app */ = {isa = PBXFileReference; explicitFileType = wrapper.application; includeInIndex = 0; path = SandboxedClientTester.app; sourceTree = BUILT_PRODUCTS_DIR; };
		C8738B7A2BE5363800609E7F /* SandboxedClientTesterApp.swift */ = {isa = PBXFileReference; lastKnownFileType = sourcecode.swift; path = SandboxedClientTesterApp.swift; sourceTree = "<group>"; };
		C8738B7C2BE5363800609E7F /* ContentView.swift */ = {isa = PBXFileReference; lastKnownFileType = sourcecode.swift; path = ContentView.swift; sourceTree = "<group>"; };
		C8738B7E2BE5363900609E7F /* Assets.xcassets */ = {isa = PBXFileReference; lastKnownFileType = folder.assetcatalog; path = Assets.xcassets; sourceTree = "<group>"; };
		C8738B812BE5363900609E7F /* Preview Assets.xcassets */ = {isa = PBXFileReference; lastKnownFileType = folder.assetcatalog; path = "Preview Assets.xcassets"; sourceTree = "<group>"; };
		C8738B832BE5363900609E7F /* SandboxedClientTester.entitlements */ = {isa = PBXFileReference; lastKnownFileType = text.plist.entitlements; path = SandboxedClientTester.entitlements; sourceTree = "<group>"; };
		C8738B892BE5379E00609E7F /* Info.plist */ = {isa = PBXFileReference; lastKnownFileType = text.plist; path = Info.plist; sourceTree = "<group>"; };
		C8758E6F29F04BFF00D29C1C /* CustomCommand.swift */ = {isa = PBXFileReference; lastKnownFileType = sourcecode.swift; path = CustomCommand.swift; sourceTree = "<group>"; };
		C8758E7129F04CF100D29C1C /* SeparatorCommand.swift */ = {isa = PBXFileReference; lastKnownFileType = sourcecode.swift; path = SeparatorCommand.swift; sourceTree = "<group>"; };
		C87B03A3293B24AB00C77EAE /* Copilot-for-Xcode-Info.plist */ = {isa = PBXFileReference; lastKnownFileType = text.plist; path = "Copilot-for-Xcode-Info.plist"; sourceTree = SOURCE_ROOT; };
		C87B03A4293B261200C77EAE /* AcceptSuggestionCommand.swift */ = {isa = PBXFileReference; lastKnownFileType = sourcecode.swift; path = AcceptSuggestionCommand.swift; sourceTree = "<group>"; };
		C87B03A6293B261900C77EAE /* RejectSuggestionCommand.swift */ = {isa = PBXFileReference; lastKnownFileType = sourcecode.swift; path = RejectSuggestionCommand.swift; sourceTree = "<group>"; };
		C87B03A8293B262600C77EAE /* NextSuggestionCommand.swift */ = {isa = PBXFileReference; lastKnownFileType = sourcecode.swift; path = NextSuggestionCommand.swift; sourceTree = "<group>"; };
		C87B03AA293B262E00C77EAE /* PreviousSuggestionCommand.swift */ = {isa = PBXFileReference; lastKnownFileType = sourcecode.swift; path = PreviousSuggestionCommand.swift; sourceTree = "<group>"; };
		C887BC832965D96000931567 /* DEVELOPMENT.md */ = {isa = PBXFileReference; lastKnownFileType = net.daringfireball.markdown; path = DEVELOPMENT.md; sourceTree = "<group>"; };
		C89E75C22A46FB32000DD64F /* AppDelegate+Menu.swift */ = {isa = PBXFileReference; lastKnownFileType = sourcecode.swift; path = "AppDelegate+Menu.swift"; sourceTree = "<group>"; };
		C8CD828229B88006008D044D /* TestPlan.xctestplan */ = {isa = PBXFileReference; lastKnownFileType = text; path = TestPlan.xctestplan; sourceTree = "<group>"; };
		C8DCEFFF29CE11D500FDDDD7 /* OpenChat.swift */ = {isa = PBXFileReference; lastKnownFileType = sourcecode.swift; path = OpenChat.swift; sourceTree = "<group>"; };
		C8DD9CB02BC673F80036641C /* CloseIdleTabsCommand.swift */ = {isa = PBXFileReference; lastKnownFileType = sourcecode.swift; path = CloseIdleTabsCommand.swift; sourceTree = "<group>"; };
		C8F103292A7A365000D28F4F /* launchAgent.plist */ = {isa = PBXFileReference; lastKnownFileType = text.plist.xml; path = launchAgent.plist; sourceTree = "<group>"; };
/* End PBXFileReference section */

/* Begin PBXFrameworksBuildPhase section */
		C81458892939EFDC00135263 /* Frameworks */ = {
			isa = PBXFrameworksBuildPhase;
			buildActionMask = 2147483647;
			files = (
				C87B03AC293B2CF300C77EAE /* XcodeKit.framework in Frameworks */,
				C814588F2939EFDC00135263 /* Cocoa.framework in Frameworks */,
				C882175C294187EF00A22FD3 /* Client in Frameworks */,
			);
			runOnlyForDeploymentPostprocessing = 0;
		};
		C8189B132938972F00C9DCDA /* Frameworks */ = {
			isa = PBXFrameworksBuildPhase;
			buildActionMask = 2147483647;
			files = (
				C86612F82A06AF74009197D9 /* HostApp in Frameworks */,
			);
			runOnlyForDeploymentPostprocessing = 0;
		};
		C8216B6D298036EC00AD38C7 /* Frameworks */ = {
			isa = PBXFrameworksBuildPhase;
			buildActionMask = 2147483647;
			files = (
				C8216B7D2980374300AD38C7 /* ArgumentParser in Frameworks */,
			);
			runOnlyForDeploymentPostprocessing = 0;
		};
		C861E60B2994F6070056CB02 /* Frameworks */ = {
			isa = PBXFrameworksBuildPhase;
			buildActionMask = 2147483647;
			files = (
				C861E61E2994F6150056CB02 /* Service in Frameworks */,
			);
			runOnlyForDeploymentPostprocessing = 0;
		};
		C8738B602BE4D4B900609E7F /* Frameworks */ = {
			isa = PBXFrameworksBuildPhase;
			buildActionMask = 2147483647;
			files = (
				C8738B6F2BE4F7A600609E7F /* XPCShared in Frameworks */,
			);
			runOnlyForDeploymentPostprocessing = 0;
		};
		C8738B752BE5363800609E7F /* Frameworks */ = {
			isa = PBXFrameworksBuildPhase;
			buildActionMask = 2147483647;
			files = (
				C8738B882BE5365000609E7F /* Client in Frameworks */,
			);
			runOnlyForDeploymentPostprocessing = 0;
		};
/* End PBXFrameworksBuildPhase section */

/* Begin PBXGroup section */
		C814588D2939EFDC00135263 /* Frameworks */ = {
			isa = PBXGroup;
			children = (
				C814588E2939EFDC00135263 /* Cocoa.framework */,
				C81458902939EFDC00135263 /* XcodeKit.framework */,
			);
			name = Frameworks;
			sourceTree = "<group>";
		};
		C81458922939EFDC00135263 /* EditorExtension */ = {
			isa = PBXGroup;
			children = (
				C81458932939EFDC00135263 /* SourceEditorExtension.swift */,
				C8758E7129F04CF100D29C1C /* SeparatorCommand.swift */,
				C8520300293C4D9000460097 /* Helpers.swift */,
				C81458952939EFDC00135263 /* GetSuggestionsCommand.swift */,
				C87B03A4293B261200C77EAE /* AcceptSuggestionCommand.swift */,
				C80FFB952A95F58200704A25 /* AcceptPromptToCodeCommand.swift */,
				C87B03A6293B261900C77EAE /* RejectSuggestionCommand.swift */,
				C87B03A8293B262600C77EAE /* NextSuggestionCommand.swift */,
				C87B03AA293B262E00C77EAE /* PreviousSuggestionCommand.swift */,
				C8009BFE2941C551007AA7E8 /* ToggleRealtimeSuggestionsCommand.swift */,
				C8009C022941C576007AA7E8 /* RealtimeSuggestionCommand.swift */,
				C800DBB0294C624D00B04CAC /* PrefetchSuggestionsCommand.swift */,
				C8758E6F29F04BFF00D29C1C /* CustomCommand.swift */,
				C8DCEFFF29CE11D500FDDDD7 /* OpenChat.swift */,
				C8DD9CB02BC673F80036641C /* CloseIdleTabsCommand.swift */,
				C861A6A229E5503F005C41A3 /* PromptToCodeCommand.swift */,
				C81458972939EFDC00135263 /* Info.plist */,
				C81458982939EFDC00135263 /* EditorExtension.entitlements */,
			);
			path = EditorExtension;
			sourceTree = "<group>";
		};
		C8189B0D2938972F00C9DCDA = {
			isa = PBXGroup;
			children = (
				C887BC832965D96000931567 /* DEVELOPMENT.md */,
				C8520308293D805800460097 /* README.md */,
				C82E38492A1F025F00D4EADF /* LICENSE */,
				C83E5DED2A38CD8C0071506D /* Makefile */,
				C8F103292A7A365000D28F4F /* launchAgent.plist */,
				C8738B6D2BE4F3E800609E7F /* bridgeLaunchAgent.plist */,
				C81E867D296FE4420026E908 /* Version.xcconfig */,
				C81458AD293A009600135263 /* Config.xcconfig */,
				C81458AE293A009800135263 /* Config.debug.xcconfig */,
				C8CD828229B88006008D044D /* TestPlan.xctestplan */,
				C828B27D2B1F241500E7612A /* ExtensionPoint.appextensionpoint */,
				C81D181E2A1B509B006C1B70 /* Tool */,
				C8189B282938979000C9DCDA /* Core */,
				C8189B182938972F00C9DCDA /* Copilot for Xcode */,
				C81458922939EFDC00135263 /* EditorExtension */,
				C8216B71298036EC00AD38C7 /* Helper */,
				C861E60F2994F6070056CB02 /* ExtensionService */,
				C8738B642BE4D4B900609E7F /* CommunicationBridge */,
				C8738B792BE5363800609E7F /* SandboxedClientTester */,
				C814588D2939EFDC00135263 /* Frameworks */,
				C8189B172938972F00C9DCDA /* Products */,
			);
			sourceTree = "<group>";
		};
		C8189B172938972F00C9DCDA /* Products */ = {
			isa = PBXGroup;
			children = (
				C8189B162938972F00C9DCDA /* Copilot for Xcode Dev.app */,
				C814588C2939EFDC00135263 /* Copilot.appex */,
				C8216B70298036EC00AD38C7 /* Helper */,
				C861E60E2994F6070056CB02 /* CopilotForXcodeExtensionService.app */,
				C8738B632BE4D4B900609E7F /* CommunicationBridge */,
				C8738B782BE5363800609E7F /* SandboxedClientTester.app */,
			);
			name = Products;
			sourceTree = "<group>";
		};
		C8189B182938972F00C9DCDA /* Copilot for Xcode */ = {
			isa = PBXGroup;
			children = (
				C87B03A3293B24AB00C77EAE /* Copilot-for-Xcode-Info.plist */,
				C8189B192938972F00C9DCDA /* App.swift */,
				C8189B1D2938973000C9DCDA /* Assets.xcassets */,
				C8189B222938973000C9DCDA /* Copilot_for_Xcode.entitlements */,
				C8189B1F2938973000C9DCDA /* Preview Content */,
			);
			path = "Copilot for Xcode";
			sourceTree = "<group>";
		};
		C8189B1F2938973000C9DCDA /* Preview Content */ = {
			isa = PBXGroup;
			children = (
				C8189B202938973000C9DCDA /* Preview Assets.xcassets */,
			);
			path = "Preview Content";
			sourceTree = "<group>";
		};
		C8216B71298036EC00AD38C7 /* Helper */ = {
			isa = PBXGroup;
			children = (
				C8216B72298036EC00AD38C7 /* main.swift */,
				C8216B772980370100AD38C7 /* ReloadLaunchAgent.swift */,
			);
			path = Helper;
			sourceTree = "<group>";
		};
		C861E60F2994F6070056CB02 /* ExtensionService */ = {
			isa = PBXGroup;
			children = (
				C81291D92994FE7900196E12 /* Info.plist */,
				C861E61F2994F6390056CB02 /* ServiceDelegate.swift */,
				C861E6102994F6070056CB02 /* AppDelegate.swift */,
				C89E75C22A46FB32000DD64F /* AppDelegate+Menu.swift */,
				C8738B702BE4F8B700609E7F /* XPCController.swift */,
				C81291D52994FE6900196E12 /* Main.storyboard */,
				C861E6142994F6080056CB02 /* Assets.xcassets */,
				C861E6192994F6080056CB02 /* ExtensionService.entitlements */,
			);
			path = ExtensionService;
			sourceTree = "<group>";
		};
		C8738B642BE4D4B900609E7F /* CommunicationBridge */ = {
			isa = PBXGroup;
			children = (
				C8738B652BE4D4B900609E7F /* main.swift */,
				C8738B6A2BE4D56F00609E7F /* ServiceDelegate.swift */,
			);
			path = CommunicationBridge;
			sourceTree = "<group>";
		};
		C8738B792BE5363800609E7F /* SandboxedClientTester */ = {
			isa = PBXGroup;
			children = (
				C8738B892BE5379E00609E7F /* Info.plist */,
				C8738B7A2BE5363800609E7F /* SandboxedClientTesterApp.swift */,
				C8738B7C2BE5363800609E7F /* ContentView.swift */,
				C8738B7E2BE5363900609E7F /* Assets.xcassets */,
				C8738B832BE5363900609E7F /* SandboxedClientTester.entitlements */,
				C8738B802BE5363900609E7F /* Preview Content */,
			);
			path = SandboxedClientTester;
			sourceTree = "<group>";
		};
		C8738B802BE5363900609E7F /* Preview Content */ = {
			isa = PBXGroup;
			children = (
				C8738B812BE5363900609E7F /* Preview Assets.xcassets */,
			);
			path = "Preview Content";
			sourceTree = "<group>";
		};
/* End PBXGroup section */

/* Begin PBXNativeTarget section */
		C814588B2939EFDC00135263 /* EditorExtension */ = {
			isa = PBXNativeTarget;
			buildConfigurationList = C814589C2939EFDC00135263 /* Build configuration list for PBXNativeTarget "EditorExtension" */;
			buildPhases = (
				C81458882939EFDC00135263 /* Sources */,
				C81458892939EFDC00135263 /* Frameworks */,
				C814588A2939EFDC00135263 /* Resources */,
				C87B03AE293B2CF300C77EAE /* Embed Frameworks */,
			);
			buildRules = (
			);
			dependencies = (
			);
			name = EditorExtension;
			packageProductDependencies = (
				C882175B294187EF00A22FD3 /* Client */,
			);
			productName = EditorExtension;
			productReference = C814588C2939EFDC00135263 /* Copilot.appex */;
			productType = "com.apple.product-type.xcode-extension";
		};
		C8189B152938972F00C9DCDA /* Copilot for Xcode */ = {
			isa = PBXNativeTarget;
			buildConfigurationList = C8189B252938973000C9DCDA /* Build configuration list for PBXNativeTarget "Copilot for Xcode" */;
			buildPhases = (
				C8189B122938972F00C9DCDA /* Sources */,
				C8189B132938972F00C9DCDA /* Frameworks */,
				C8189B142938972F00C9DCDA /* Resources */,
				C814589F2939EFDC00135263 /* Embed Foundation Extensions */,
				C8520306293CF0EF00460097 /* Embed XPCService */,
				C8C8B60829AFA32800034BEE /* Embed Service */,
				C8F1032A2A7A38D200D28F4F /* Copy Launch Agent */,
			);
			buildRules = (
			);
			dependencies = (
				C8738B8D2BE540F900609E7F /* PBXTargetDependency */,
				C81291B02994F92700196E12 /* PBXTargetDependency */,
				C8216B7F2980377E00AD38C7 /* PBXTargetDependency */,
				C814589A2939EFDC00135263 /* PBXTargetDependency */,
			);
			name = "Copilot for Xcode";
			packageProductDependencies = (
				C86612F72A06AF74009197D9 /* HostApp */,
			);
			productName = "Copilot for Xcode";
			productReference = C8189B162938972F00C9DCDA /* Copilot for Xcode Dev.app */;
			productType = "com.apple.product-type.application";
		};
		C8216B6F298036EC00AD38C7 /* Helper */ = {
			isa = PBXNativeTarget;
			buildConfigurationList = C8216B74298036EC00AD38C7 /* Build configuration list for PBXNativeTarget "Helper" */;
			buildPhases = (
				C8216B6C298036EC00AD38C7 /* Sources */,
				C8216B6D298036EC00AD38C7 /* Frameworks */,
				C8216B6E298036EC00AD38C7 /* CopyFiles */,
			);
			buildRules = (
			);
			dependencies = (
			);
			name = Helper;
			packageProductDependencies = (
				C8216B7C2980374300AD38C7 /* ArgumentParser */,
			);
			productName = Helper;
			productReference = C8216B70298036EC00AD38C7 /* Helper */;
			productType = "com.apple.product-type.tool";
		};
		C861E60D2994F6070056CB02 /* ExtensionService */ = {
			isa = PBXNativeTarget;
			buildConfigurationList = C861E61A2994F6080056CB02 /* Build configuration list for PBXNativeTarget "ExtensionService" */;
			buildPhases = (
				C861E60A2994F6070056CB02 /* Sources */,
				C861E60B2994F6070056CB02 /* Frameworks */,
				C861E60C2994F6070056CB02 /* Resources */,
				C828B27E2B1F7B3C00E7612A /* Copy Extension Point */,
			);
			buildRules = (
			);
			dependencies = (
			);
			name = ExtensionService;
			packageProductDependencies = (
				C861E61D2994F6150056CB02 /* Service */,
			);
			productName = ExtensionService;
			productReference = C861E60E2994F6070056CB02 /* CopilotForXcodeExtensionService.app */;
			productType = "com.apple.product-type.application";
		};
		C8738B622BE4D4B900609E7F /* CommunicationBridge */ = {
			isa = PBXNativeTarget;
			buildConfigurationList = C8738B672BE4D4B900609E7F /* Build configuration list for PBXNativeTarget "CommunicationBridge" */;
			buildPhases = (
				C8738B5F2BE4D4B900609E7F /* Sources */,
				C8738B602BE4D4B900609E7F /* Frameworks */,
				C8738B612BE4D4B900609E7F /* CopyFiles */,
			);
			buildRules = (
			);
			dependencies = (
			);
			name = CommunicationBridge;
			packageProductDependencies = (
				C8738B6E2BE4F7A600609E7F /* XPCShared */,
			);
			productName = CommunicationBridge;
			productReference = C8738B632BE4D4B900609E7F /* CommunicationBridge */;
			productType = "com.apple.product-type.tool";
		};
		C8738B772BE5363800609E7F /* SandboxedClientTester */ = {
			isa = PBXNativeTarget;
			buildConfigurationList = C8738B842BE5363900609E7F /* Build configuration list for PBXNativeTarget "SandboxedClientTester" */;
			buildPhases = (
				C8738B742BE5363800609E7F /* Sources */,
				C8738B752BE5363800609E7F /* Frameworks */,
				C8738B762BE5363800609E7F /* Resources */,
			);
			buildRules = (
			);
			dependencies = (
			);
			name = SandboxedClientTester;
			packageProductDependencies = (
				C8738B872BE5365000609E7F /* Client */,
			);
			productName = SandboxedClientTester;
			productReference = C8738B782BE5363800609E7F /* SandboxedClientTester.app */;
			productType = "com.apple.product-type.application";
		};
/* End PBXNativeTarget section */

/* Begin PBXProject section */
		C8189B0E2938972F00C9DCDA /* Project object */ = {
			isa = PBXProject;
			attributes = {
				BuildIndependentTargetsInParallel = 1;
				LastSwiftUpdateCheck = 1520;
				LastUpgradeCheck = 1410;
				TargetAttributes = {
					C814588B2939EFDC00135263 = {
						CreatedOnToolsVersion = 14.1;
					};
					C8189B152938972F00C9DCDA = {
						CreatedOnToolsVersion = 14.1;
					};
					C8216B6F298036EC00AD38C7 = {
						CreatedOnToolsVersion = 14.1;
					};
					C861E60D2994F6070056CB02 = {
						CreatedOnToolsVersion = 14.2;
					};
					C8738B622BE4D4B900609E7F = {
						CreatedOnToolsVersion = 15.2;
					};
					C8738B772BE5363800609E7F = {
						CreatedOnToolsVersion = 15.2;
					};
				};
			};
			buildConfigurationList = C8189B112938972F00C9DCDA /* Build configuration list for PBXProject "Copilot for Xcode" */;
			compatibilityVersion = "Xcode 14.0";
			developmentRegion = en;
			hasScannedForEncodings = 0;
			knownRegions = (
				en,
				Base,
			);
			mainGroup = C8189B0D2938972F00C9DCDA;
			packageReferences = (
				C8216B792980373800AD38C7 /* XCRemoteSwiftPackageReference "swift-argument-parser" */,
				C80C91742A588DD800B5EADA /* XCRemoteSwiftPackageReference "usearch" */,
			);
			productRefGroup = C8189B172938972F00C9DCDA /* Products */;
			projectDirPath = "";
			projectRoot = "";
			targets = (
				C8189B152938972F00C9DCDA /* Copilot for Xcode */,
				C814588B2939EFDC00135263 /* EditorExtension */,
				C8216B6F298036EC00AD38C7 /* Helper */,
				C861E60D2994F6070056CB02 /* ExtensionService */,
				C8738B622BE4D4B900609E7F /* CommunicationBridge */,
				C8738B772BE5363800609E7F /* SandboxedClientTester */,
			);
		};
/* End PBXProject section */

/* Begin PBXResourcesBuildPhase section */
		C814588A2939EFDC00135263 /* Resources */ = {
			isa = PBXResourcesBuildPhase;
			buildActionMask = 2147483647;
			files = (
			);
			runOnlyForDeploymentPostprocessing = 0;
		};
		C8189B142938972F00C9DCDA /* Resources */ = {
			isa = PBXResourcesBuildPhase;
			buildActionMask = 2147483647;
			files = (
				C8189B212938973000C9DCDA /* Preview Assets.xcassets in Resources */,
				C8189B1E2938973000C9DCDA /* Assets.xcassets in Resources */,
			);
			runOnlyForDeploymentPostprocessing = 0;
		};
		C861E60C2994F6070056CB02 /* Resources */ = {
			isa = PBXResourcesBuildPhase;
			buildActionMask = 2147483647;
			files = (
				C861E6152994F6080056CB02 /* Assets.xcassets in Resources */,
				C81291D72994FE6900196E12 /* Main.storyboard in Resources */,
			);
			runOnlyForDeploymentPostprocessing = 0;
		};
		C8738B762BE5363800609E7F /* Resources */ = {
			isa = PBXResourcesBuildPhase;
			buildActionMask = 2147483647;
			files = (
				C8738B822BE5363900609E7F /* Preview Assets.xcassets in Resources */,
				C8738B7F2BE5363900609E7F /* Assets.xcassets in Resources */,
			);
			runOnlyForDeploymentPostprocessing = 0;
		};
/* End PBXResourcesBuildPhase section */

/* Begin PBXSourcesBuildPhase section */
		C81458882939EFDC00135263 /* Sources */ = {
			isa = PBXSourcesBuildPhase;
			buildActionMask = 2147483647;
			files = (
				C8DCF00029CE11D500FDDDD7 /* OpenChat.swift in Sources */,
				C81458942939EFDC00135263 /* SourceEditorExtension.swift in Sources */,
				C8DD9CB12BC673F80036641C /* CloseIdleTabsCommand.swift in Sources */,
				C8758E7029F04BFF00D29C1C /* CustomCommand.swift in Sources */,
				C8758E7229F04CF100D29C1C /* SeparatorCommand.swift in Sources */,
				C861A6A329E5503F005C41A3 /* PromptToCodeCommand.swift in Sources */,
				C8520301293C4D9000460097 /* Helpers.swift in Sources */,
				C8009BFF2941C551007AA7E8 /* ToggleRealtimeSuggestionsCommand.swift in Sources */,
				C80FFB962A95F58200704A25 /* AcceptPromptToCodeCommand.swift in Sources */,
				C87B03A5293B261200C77EAE /* AcceptSuggestionCommand.swift in Sources */,
				C87B03A9293B262600C77EAE /* NextSuggestionCommand.swift in Sources */,
				C87B03AB293B262E00C77EAE /* PreviousSuggestionCommand.swift in Sources */,
				C87B03A7293B261900C77EAE /* RejectSuggestionCommand.swift in Sources */,
				C8009C032941C576007AA7E8 /* RealtimeSuggestionCommand.swift in Sources */,
				C800DBB1294C624D00B04CAC /* PrefetchSuggestionsCommand.swift in Sources */,
				C81458962939EFDC00135263 /* GetSuggestionsCommand.swift in Sources */,
			);
			runOnlyForDeploymentPostprocessing = 0;
		};
		C8189B122938972F00C9DCDA /* Sources */ = {
			isa = PBXSourcesBuildPhase;
			buildActionMask = 2147483647;
			files = (
				C8189B1A2938972F00C9DCDA /* App.swift in Sources */,
			);
			runOnlyForDeploymentPostprocessing = 0;
		};
		C8216B6C298036EC00AD38C7 /* Sources */ = {
			isa = PBXSourcesBuildPhase;
			buildActionMask = 2147483647;
			files = (
				C8216B73298036EC00AD38C7 /* main.swift in Sources */,
				C8216B782980370100AD38C7 /* ReloadLaunchAgent.swift in Sources */,
			);
			runOnlyForDeploymentPostprocessing = 0;
		};
		C861E60A2994F6070056CB02 /* Sources */ = {
			isa = PBXSourcesBuildPhase;
			buildActionMask = 2147483647;
			files = (
				C89E75C32A46FB32000DD64F /* AppDelegate+Menu.swift in Sources */,
				C8738B712BE4F8B700609E7F /* XPCController.swift in Sources */,
				C861E6202994F63A0056CB02 /* ServiceDelegate.swift in Sources */,
				C861E6112994F6070056CB02 /* AppDelegate.swift in Sources */,
			);
			runOnlyForDeploymentPostprocessing = 0;
		};
		C8738B5F2BE4D4B900609E7F /* Sources */ = {
			isa = PBXSourcesBuildPhase;
			buildActionMask = 2147483647;
			files = (
				C8738B6B2BE4D56F00609E7F /* ServiceDelegate.swift in Sources */,
				C8738B662BE4D4B900609E7F /* main.swift in Sources */,
			);
			runOnlyForDeploymentPostprocessing = 0;
		};
		C8738B742BE5363800609E7F /* Sources */ = {
			isa = PBXSourcesBuildPhase;
			buildActionMask = 2147483647;
			files = (
				C8738B7D2BE5363800609E7F /* ContentView.swift in Sources */,
				C8738B7B2BE5363800609E7F /* SandboxedClientTesterApp.swift in Sources */,
			);
			runOnlyForDeploymentPostprocessing = 0;
		};
/* End PBXSourcesBuildPhase section */

/* Begin PBXTargetDependency section */
		C81291B02994F92700196E12 /* PBXTargetDependency */ = {
			isa = PBXTargetDependency;
			target = C861E60D2994F6070056CB02 /* ExtensionService */;
			targetProxy = C81291AF2994F92700196E12 /* PBXContainerItemProxy */;
		};
		C814589A2939EFDC00135263 /* PBXTargetDependency */ = {
			isa = PBXTargetDependency;
			target = C814588B2939EFDC00135263 /* EditorExtension */;
			targetProxy = C81458992939EFDC00135263 /* PBXContainerItemProxy */;
		};
		C8216B7F2980377E00AD38C7 /* PBXTargetDependency */ = {
			isa = PBXTargetDependency;
			target = C8216B6F298036EC00AD38C7 /* Helper */;
			targetProxy = C8216B7E2980377E00AD38C7 /* PBXContainerItemProxy */;
		};
		C8738B8D2BE540F900609E7F /* PBXTargetDependency */ = {
			isa = PBXTargetDependency;
			target = C8738B622BE4D4B900609E7F /* CommunicationBridge */;
			targetProxy = C8738B8C2BE540F900609E7F /* PBXContainerItemProxy */;
		};
/* End PBXTargetDependency section */

/* Begin XCBuildConfiguration section */
		C814589D2939EFDC00135263 /* Debug */ = {
			isa = XCBuildConfiguration;
			buildSettings = {
				CODE_SIGN_ENTITLEMENTS = EditorExtension/EditorExtension.entitlements;
				CODE_SIGN_STYLE = Automatic;
				COMBINE_HIDPI_IMAGES = YES;
				CURRENT_PROJECT_VERSION = "$(APP_BUILD)";
				DEAD_CODE_STRIPPING = YES;
				DEVELOPMENT_TEAM = 5YKZ4Y3DAW;
				ENABLE_HARDENED_RUNTIME = YES;
				INFOPLIST_FILE = EditorExtension/Info.plist;
				INFOPLIST_KEY_CFBundleDisplayName = "$(EXTESNION_BUNDLE_NAME)";
				INFOPLIST_KEY_NSHumanReadableCopyright = "";
				LD_RUNPATH_SEARCH_PATHS = (
					"$(inherited)",
					"@executable_path/../Frameworks",
					"@executable_path/../../../../Frameworks",
				);
				MACOSX_DEPLOYMENT_TARGET = 12.0;
				MARKETING_VERSION = "$(APP_VERSION)";
				PRODUCT_BUNDLE_IDENTIFIER = "$(BUNDLE_IDENTIFIER_BASE).EditorExtension";
				PRODUCT_NAME = Copilot;
				SKIP_INSTALL = YES;
				SWIFT_EMIT_LOC_STRINGS = YES;
				SWIFT_VERSION = 5.0;
			};
			name = Debug;
		};
		C814589E2939EFDC00135263 /* Release */ = {
			isa = XCBuildConfiguration;
			buildSettings = {
				CODE_SIGN_ENTITLEMENTS = EditorExtension/EditorExtension.entitlements;
				CODE_SIGN_STYLE = Automatic;
				COMBINE_HIDPI_IMAGES = YES;
				CURRENT_PROJECT_VERSION = "$(APP_BUILD)";
				DEAD_CODE_STRIPPING = YES;
				DEVELOPMENT_TEAM = 5YKZ4Y3DAW;
				ENABLE_HARDENED_RUNTIME = YES;
				INFOPLIST_FILE = EditorExtension/Info.plist;
				INFOPLIST_KEY_CFBundleDisplayName = "$(EXTESNION_BUNDLE_NAME)";
				INFOPLIST_KEY_NSHumanReadableCopyright = "";
				LD_RUNPATH_SEARCH_PATHS = (
					"$(inherited)",
					"@executable_path/../Frameworks",
					"@executable_path/../../../../Frameworks",
				);
				MACOSX_DEPLOYMENT_TARGET = 12.0;
				MARKETING_VERSION = "$(APP_VERSION)";
				PRODUCT_BUNDLE_IDENTIFIER = "$(BUNDLE_IDENTIFIER_BASE).EditorExtension";
				PRODUCT_NAME = Copilot;
				SKIP_INSTALL = YES;
				SWIFT_EMIT_LOC_STRINGS = YES;
				SWIFT_VERSION = 5.0;
			};
			name = Release;
		};
		C8189B232938973000C9DCDA /* Debug */ = {
			isa = XCBuildConfiguration;
			baseConfigurationReference = C81458AE293A009800135263 /* Config.debug.xcconfig */;
			buildSettings = {
				ALWAYS_SEARCH_USER_PATHS = NO;
				CLANG_ANALYZER_NONNULL = YES;
				CLANG_ANALYZER_NUMBER_OBJECT_CONVERSION = YES_AGGRESSIVE;
				CLANG_CXX_LANGUAGE_STANDARD = "gnu++20";
				CLANG_ENABLE_MODULES = YES;
				CLANG_ENABLE_OBJC_ARC = YES;
				CLANG_ENABLE_OBJC_WEAK = YES;
				CLANG_WARN_BLOCK_CAPTURE_AUTORELEASING = YES;
				CLANG_WARN_BOOL_CONVERSION = YES;
				CLANG_WARN_COMMA = YES;
				CLANG_WARN_CONSTANT_CONVERSION = YES;
				CLANG_WARN_DEPRECATED_OBJC_IMPLEMENTATIONS = YES;
				CLANG_WARN_DIRECT_OBJC_ISA_USAGE = YES_ERROR;
				CLANG_WARN_DOCUMENTATION_COMMENTS = YES;
				CLANG_WARN_EMPTY_BODY = YES;
				CLANG_WARN_ENUM_CONVERSION = YES;
				CLANG_WARN_INFINITE_RECURSION = YES;
				CLANG_WARN_INT_CONVERSION = YES;
				CLANG_WARN_NON_LITERAL_NULL_CONVERSION = YES;
				CLANG_WARN_OBJC_IMPLICIT_RETAIN_SELF = YES;
				CLANG_WARN_OBJC_LITERAL_CONVERSION = YES;
				CLANG_WARN_OBJC_ROOT_CLASS = YES_ERROR;
				CLANG_WARN_QUOTED_INCLUDE_IN_FRAMEWORK_HEADER = YES;
				CLANG_WARN_RANGE_LOOP_ANALYSIS = YES;
				CLANG_WARN_STRICT_PROTOTYPES = YES;
				CLANG_WARN_SUSPICIOUS_MOVE = YES;
				CLANG_WARN_UNGUARDED_AVAILABILITY = YES_AGGRESSIVE;
				CLANG_WARN_UNREACHABLE_CODE = YES;
				CLANG_WARN__DUPLICATE_METHOD_MATCH = YES;
				COPY_PHASE_STRIP = NO;
				DEAD_CODE_STRIPPING = YES;
				DEBUG_INFORMATION_FORMAT = dwarf;
				ENABLE_STRICT_OBJC_MSGSEND = YES;
				ENABLE_TESTABILITY = YES;
				ENABLE_USER_SCRIPT_SANDBOXING = YES;
				GCC_C_LANGUAGE_STANDARD = gnu11;
				GCC_DYNAMIC_NO_PIC = NO;
				GCC_NO_COMMON_BLOCKS = YES;
				GCC_OPTIMIZATION_LEVEL = 0;
				GCC_PREPROCESSOR_DEFINITIONS = (
					"DEBUG=1",
					"$(inherited)",
				);
				GCC_WARN_64_TO_32_BIT_CONVERSION = YES;
				GCC_WARN_ABOUT_RETURN_TYPE = YES_ERROR;
				GCC_WARN_UNDECLARED_SELECTOR = YES;
				GCC_WARN_UNINITIALIZED_AUTOS = YES_AGGRESSIVE;
				GCC_WARN_UNUSED_FUNCTION = YES;
				GCC_WARN_UNUSED_VARIABLE = YES;
				MACOSX_DEPLOYMENT_TARGET = 12.0;
				MTL_ENABLE_DEBUG_INFO = INCLUDE_SOURCE;
				MTL_FAST_MATH = YES;
				ONLY_ACTIVE_ARCH = YES;
				SDKROOT = macosx;
				SWIFT_ACTIVE_COMPILATION_CONDITIONS = DEBUG;
				SWIFT_OPTIMIZATION_LEVEL = "-Onone";
			};
			name = Debug;
		};
		C8189B242938973000C9DCDA /* Release */ = {
			isa = XCBuildConfiguration;
			baseConfigurationReference = C81458AD293A009600135263 /* Config.xcconfig */;
			buildSettings = {
				ALWAYS_SEARCH_USER_PATHS = NO;
				CLANG_ANALYZER_NONNULL = YES;
				CLANG_ANALYZER_NUMBER_OBJECT_CONVERSION = YES_AGGRESSIVE;
				CLANG_CXX_LANGUAGE_STANDARD = "gnu++20";
				CLANG_ENABLE_MODULES = YES;
				CLANG_ENABLE_OBJC_ARC = YES;
				CLANG_ENABLE_OBJC_WEAK = YES;
				CLANG_WARN_BLOCK_CAPTURE_AUTORELEASING = YES;
				CLANG_WARN_BOOL_CONVERSION = YES;
				CLANG_WARN_COMMA = YES;
				CLANG_WARN_CONSTANT_CONVERSION = YES;
				CLANG_WARN_DEPRECATED_OBJC_IMPLEMENTATIONS = YES;
				CLANG_WARN_DIRECT_OBJC_ISA_USAGE = YES_ERROR;
				CLANG_WARN_DOCUMENTATION_COMMENTS = YES;
				CLANG_WARN_EMPTY_BODY = YES;
				CLANG_WARN_ENUM_CONVERSION = YES;
				CLANG_WARN_INFINITE_RECURSION = YES;
				CLANG_WARN_INT_CONVERSION = YES;
				CLANG_WARN_NON_LITERAL_NULL_CONVERSION = YES;
				CLANG_WARN_OBJC_IMPLICIT_RETAIN_SELF = YES;
				CLANG_WARN_OBJC_LITERAL_CONVERSION = YES;
				CLANG_WARN_OBJC_ROOT_CLASS = YES_ERROR;
				CLANG_WARN_QUOTED_INCLUDE_IN_FRAMEWORK_HEADER = YES;
				CLANG_WARN_RANGE_LOOP_ANALYSIS = YES;
				CLANG_WARN_STRICT_PROTOTYPES = YES;
				CLANG_WARN_SUSPICIOUS_MOVE = YES;
				CLANG_WARN_UNGUARDED_AVAILABILITY = YES_AGGRESSIVE;
				CLANG_WARN_UNREACHABLE_CODE = YES;
				CLANG_WARN__DUPLICATE_METHOD_MATCH = YES;
				COPY_PHASE_STRIP = NO;
				DEAD_CODE_STRIPPING = YES;
				DEBUG_INFORMATION_FORMAT = "dwarf-with-dsym";
				ENABLE_NS_ASSERTIONS = NO;
				ENABLE_STRICT_OBJC_MSGSEND = YES;
				ENABLE_USER_SCRIPT_SANDBOXING = YES;
				GCC_C_LANGUAGE_STANDARD = gnu11;
				GCC_NO_COMMON_BLOCKS = YES;
				GCC_WARN_64_TO_32_BIT_CONVERSION = YES;
				GCC_WARN_ABOUT_RETURN_TYPE = YES_ERROR;
				GCC_WARN_UNDECLARED_SELECTOR = YES;
				GCC_WARN_UNINITIALIZED_AUTOS = YES_AGGRESSIVE;
				GCC_WARN_UNUSED_FUNCTION = YES;
				GCC_WARN_UNUSED_VARIABLE = YES;
				MACOSX_DEPLOYMENT_TARGET = 12.0;
				MTL_ENABLE_DEBUG_INFO = NO;
				MTL_FAST_MATH = YES;
				SDKROOT = macosx;
				SWIFT_COMPILATION_MODE = wholemodule;
				SWIFT_OPTIMIZATION_LEVEL = "-O";
			};
			name = Release;
		};
		C8189B262938973000C9DCDA /* Debug */ = {
			isa = XCBuildConfiguration;
			buildSettings = {
				ALWAYS_EMBED_SWIFT_STANDARD_LIBRARIES = YES;
				ASSETCATALOG_COMPILER_APPICON_NAME = AppIcon;
				ASSETCATALOG_COMPILER_GLOBAL_ACCENT_COLOR_NAME = AccentColor;
				CODE_SIGN_ENTITLEMENTS = "Copilot for Xcode/Copilot_for_Xcode.entitlements";
				CODE_SIGN_STYLE = Automatic;
				COMBINE_HIDPI_IMAGES = YES;
				CURRENT_PROJECT_VERSION = "$(APP_BUILD)";
				DEAD_CODE_STRIPPING = YES;
				DEVELOPMENT_ASSET_PATHS = "\"Copilot for Xcode/Preview Content\"";
				DEVELOPMENT_TEAM = 5YKZ4Y3DAW;
				ENABLE_HARDENED_RUNTIME = YES;
				ENABLE_PREVIEWS = YES;
				GENERATE_INFOPLIST_FILE = YES;
				INFOPLIST_FILE = "Copilot-for-Xcode-Info.plist";
				INFOPLIST_KEY_LSApplicationCategoryType = "public.app-category.developer-tools";
				INFOPLIST_KEY_NSHumanReadableCopyright = "";
				LD_RUNPATH_SEARCH_PATHS = (
					"$(inherited)",
					"@executable_path/../Frameworks",
				);
				MACOSX_DEPLOYMENT_TARGET = 12.0;
				MARKETING_VERSION = "$(APP_VERSION)";
				PRODUCT_BUNDLE_IDENTIFIER = "$(BUNDLE_IDENTIFIER_BASE)";
				PRODUCT_MODULE_NAME = Copilot_for_Xcode;
				PRODUCT_NAME = "$(HOST_APP_NAME)";
				SWIFT_EMIT_LOC_STRINGS = YES;
				SWIFT_VERSION = 5.0;
			};
			name = Debug;
		};
		C8189B272938973000C9DCDA /* Release */ = {
			isa = XCBuildConfiguration;
			buildSettings = {
				ALWAYS_EMBED_SWIFT_STANDARD_LIBRARIES = YES;
				ASSETCATALOG_COMPILER_APPICON_NAME = AppIcon;
				ASSETCATALOG_COMPILER_GLOBAL_ACCENT_COLOR_NAME = AccentColor;
				CODE_SIGN_ENTITLEMENTS = "Copilot for Xcode/Copilot_for_Xcode.entitlements";
				CODE_SIGN_STYLE = Automatic;
				COMBINE_HIDPI_IMAGES = YES;
				CURRENT_PROJECT_VERSION = "$(APP_BUILD)";
				DEAD_CODE_STRIPPING = YES;
				DEVELOPMENT_ASSET_PATHS = "\"Copilot for Xcode/Preview Content\"";
				DEVELOPMENT_TEAM = 5YKZ4Y3DAW;
				ENABLE_HARDENED_RUNTIME = YES;
				ENABLE_PREVIEWS = YES;
				GENERATE_INFOPLIST_FILE = YES;
				INFOPLIST_FILE = "Copilot-for-Xcode-Info.plist";
				INFOPLIST_KEY_LSApplicationCategoryType = "public.app-category.developer-tools";
				INFOPLIST_KEY_NSHumanReadableCopyright = "";
				LD_RUNPATH_SEARCH_PATHS = (
					"$(inherited)",
					"@executable_path/../Frameworks",
				);
				MACOSX_DEPLOYMENT_TARGET = 12.0;
				MARKETING_VERSION = "$(APP_VERSION)";
				PRODUCT_BUNDLE_IDENTIFIER = "$(BUNDLE_IDENTIFIER_BASE)";
				PRODUCT_NAME = "$(HOST_APP_NAME)";
				SWIFT_EMIT_LOC_STRINGS = YES;
				SWIFT_VERSION = 5.0;
			};
			name = Release;
		};
		C8216B75298036EC00AD38C7 /* Debug */ = {
			isa = XCBuildConfiguration;
			buildSettings = {
				CODE_SIGN_STYLE = Automatic;
				DEAD_CODE_STRIPPING = YES;
				DEVELOPMENT_TEAM = 5YKZ4Y3DAW;
				ENABLE_HARDENED_RUNTIME = YES;
				MACOSX_DEPLOYMENT_TARGET = 12.0;
				PRODUCT_NAME = "$(TARGET_NAME)";
				SKIP_INSTALL = YES;
				SWIFT_VERSION = 5.0;
			};
			name = Debug;
		};
		C8216B76298036EC00AD38C7 /* Release */ = {
			isa = XCBuildConfiguration;
			buildSettings = {
				CODE_SIGN_STYLE = Automatic;
				DEAD_CODE_STRIPPING = YES;
				DEVELOPMENT_TEAM = 5YKZ4Y3DAW;
				ENABLE_HARDENED_RUNTIME = YES;
				MACOSX_DEPLOYMENT_TARGET = 12.0;
				PRODUCT_NAME = "$(TARGET_NAME)";
				SKIP_INSTALL = YES;
				SWIFT_VERSION = 5.0;
			};
			name = Release;
		};
		C861E61B2994F6080056CB02 /* Debug */ = {
			isa = XCBuildConfiguration;
			buildSettings = {
				ASSETCATALOG_COMPILER_APPICON_NAME = AppIcon;
				ASSETCATALOG_COMPILER_GLOBAL_ACCENT_COLOR_NAME = AccentColor;
				CODE_SIGN_ENTITLEMENTS = ExtensionService/ExtensionService.entitlements;
				CODE_SIGN_STYLE = Automatic;
				COMBINE_HIDPI_IMAGES = YES;
				CURRENT_PROJECT_VERSION = "$(APP_BUILD)";
				DEAD_CODE_STRIPPING = YES;
				DEVELOPMENT_TEAM = 5YKZ4Y3DAW;
				ENABLE_HARDENED_RUNTIME = YES;
				ENABLE_PREVIEWS = YES;
				GENERATE_INFOPLIST_FILE = YES;
				INFOPLIST_FILE = ExtensionService/Info.plist;
				INFOPLIST_KEY_LSApplicationCategoryType = "public.app-category.developer-tools";
				INFOPLIST_KEY_NSHumanReadableCopyright = "";
				INFOPLIST_KEY_NSMainStoryboardFile = Main;
				INFOPLIST_KEY_NSPrincipalClass = NSApplication;
				LD_RUNPATH_SEARCH_PATHS = (
					"$(inherited)",
					"@executable_path/../Frameworks",
				);
				MACOSX_DEPLOYMENT_TARGET = 12.0;
				MARKETING_VERSION = "$(APP_VERSION)";
				PRODUCT_BUNDLE_IDENTIFIER = "$(BUNDLE_IDENTIFIER_BASE).ExtensionService";
				PRODUCT_NAME = "$(EXTENSION_SERVICE_NAME)";
				SKIP_INSTALL = YES;
				SWIFT_EMIT_LOC_STRINGS = YES;
				SWIFT_VERSION = 5.0;
			};
			name = Debug;
		};
		C861E61C2994F6080056CB02 /* Release */ = {
			isa = XCBuildConfiguration;
			buildSettings = {
				ASSETCATALOG_COMPILER_APPICON_NAME = AppIcon;
				ASSETCATALOG_COMPILER_GLOBAL_ACCENT_COLOR_NAME = AccentColor;
				CODE_SIGN_ENTITLEMENTS = ExtensionService/ExtensionService.entitlements;
				CODE_SIGN_STYLE = Automatic;
				COMBINE_HIDPI_IMAGES = YES;
				CURRENT_PROJECT_VERSION = "$(APP_BUILD)";
				DEAD_CODE_STRIPPING = YES;
				DEVELOPMENT_TEAM = 5YKZ4Y3DAW;
				ENABLE_HARDENED_RUNTIME = YES;
				ENABLE_PREVIEWS = YES;
				GENERATE_INFOPLIST_FILE = YES;
				INFOPLIST_FILE = ExtensionService/Info.plist;
				INFOPLIST_KEY_LSApplicationCategoryType = "public.app-category.developer-tools";
				INFOPLIST_KEY_NSHumanReadableCopyright = "";
				INFOPLIST_KEY_NSMainStoryboardFile = Main;
				INFOPLIST_KEY_NSPrincipalClass = NSApplication;
				LD_RUNPATH_SEARCH_PATHS = (
					"$(inherited)",
					"@executable_path/../Frameworks",
				);
				MACOSX_DEPLOYMENT_TARGET = 12.0;
				MARKETING_VERSION = "$(APP_VERSION)";
				PRODUCT_BUNDLE_IDENTIFIER = "$(BUNDLE_IDENTIFIER_BASE).ExtensionService";
				PRODUCT_NAME = "$(EXTENSION_SERVICE_NAME)";
				SKIP_INSTALL = YES;
				SWIFT_EMIT_LOC_STRINGS = YES;
				SWIFT_VERSION = 5.0;
			};
			name = Release;
		};
		C8738B682BE4D4B900609E7F /* Debug */ = {
			isa = XCBuildConfiguration;
			buildSettings = {
				ASSETCATALOG_COMPILER_GENERATE_SWIFT_ASSET_SYMBOL_EXTENSIONS = YES;
				CODE_SIGN_STYLE = Automatic;
				DEVELOPMENT_TEAM = 5YKZ4Y3DAW;
				ENABLE_HARDENED_RUNTIME = YES;
				ENABLE_USER_SCRIPT_SANDBOXING = YES;
				GCC_C_LANGUAGE_STANDARD = gnu17;
				LOCALIZATION_PREFERS_STRING_CATALOGS = YES;
				MACOSX_DEPLOYMENT_TARGET = 12.0;
				PRODUCT_BUNDLE_IDENTIFIER = "$(BUNDLE_IDENTIFIER_BASE).CommunicationBridge";
				PRODUCT_NAME = "$(TARGET_NAME)";
				SKIP_INSTALL = YES;
				SWIFT_ACTIVE_COMPILATION_CONDITIONS = "DEBUG $(inherited)";
				SWIFT_VERSION = 5.0;
			};
			name = Debug;
		};
		C8738B692BE4D4B900609E7F /* Release */ = {
			isa = XCBuildConfiguration;
			buildSettings = {
				ASSETCATALOG_COMPILER_GENERATE_SWIFT_ASSET_SYMBOL_EXTENSIONS = YES;
				CODE_SIGN_STYLE = Automatic;
				DEVELOPMENT_TEAM = 5YKZ4Y3DAW;
				ENABLE_HARDENED_RUNTIME = YES;
				ENABLE_USER_SCRIPT_SANDBOXING = YES;
				GCC_C_LANGUAGE_STANDARD = gnu17;
				LOCALIZATION_PREFERS_STRING_CATALOGS = YES;
				MACOSX_DEPLOYMENT_TARGET = 12.0;
				PRODUCT_BUNDLE_IDENTIFIER = "$(BUNDLE_IDENTIFIER_BASE).CommunicationBridge";
				PRODUCT_NAME = "$(TARGET_NAME)";
				SKIP_INSTALL = YES;
				SWIFT_VERSION = 5.0;
			};
			name = Release;
		};
		C8738B852BE5363900609E7F /* Debug */ = {
			isa = XCBuildConfiguration;
			buildSettings = {
				ASSETCATALOG_COMPILER_APPICON_NAME = AppIcon;
				ASSETCATALOG_COMPILER_GENERATE_SWIFT_ASSET_SYMBOL_EXTENSIONS = YES;
				ASSETCATALOG_COMPILER_GLOBAL_ACCENT_COLOR_NAME = AccentColor;
				CODE_SIGN_ENTITLEMENTS = SandboxedClientTester/SandboxedClientTester.entitlements;
				CODE_SIGN_STYLE = Automatic;
				COMBINE_HIDPI_IMAGES = YES;
				CURRENT_PROJECT_VERSION = 1;
				DEVELOPMENT_ASSET_PATHS = "\"SandboxedClientTester/Preview Content\"";
				DEVELOPMENT_TEAM = 5YKZ4Y3DAW;
				ENABLE_HARDENED_RUNTIME = YES;
				ENABLE_PREVIEWS = YES;
				ENABLE_USER_SCRIPT_SANDBOXING = YES;
				GCC_C_LANGUAGE_STANDARD = gnu17;
				GENERATE_INFOPLIST_FILE = YES;
				INFOPLIST_FILE = SandboxedClientTester/Info.plist;
				INFOPLIST_KEY_NSHumanReadableCopyright = "";
				LD_RUNPATH_SEARCH_PATHS = (
					"$(inherited)",
					"@executable_path/../Frameworks",
				);
				LOCALIZATION_PREFERS_STRING_CATALOGS = YES;
				MACOSX_DEPLOYMENT_TARGET = 14.2;
				MARKETING_VERSION = 1.0;
				PRODUCT_BUNDLE_IDENTIFIER = com.intii.CopilotForXcode.SandboxedClientTester;
				PRODUCT_NAME = "$(TARGET_NAME)";
				SWIFT_ACTIVE_COMPILATION_CONDITIONS = "DEBUG $(inherited)";
				SWIFT_EMIT_LOC_STRINGS = YES;
				SWIFT_VERSION = 5.0;
			};
			name = Debug;
		};
		C8738B862BE5363900609E7F /* Release */ = {
			isa = XCBuildConfiguration;
			buildSettings = {
				ASSETCATALOG_COMPILER_APPICON_NAME = AppIcon;
				ASSETCATALOG_COMPILER_GENERATE_SWIFT_ASSET_SYMBOL_EXTENSIONS = YES;
				ASSETCATALOG_COMPILER_GLOBAL_ACCENT_COLOR_NAME = AccentColor;
				CODE_SIGN_ENTITLEMENTS = SandboxedClientTester/SandboxedClientTester.entitlements;
				CODE_SIGN_STYLE = Automatic;
				COMBINE_HIDPI_IMAGES = YES;
				CURRENT_PROJECT_VERSION = 1;
				DEVELOPMENT_ASSET_PATHS = "\"SandboxedClientTester/Preview Content\"";
				DEVELOPMENT_TEAM = 5YKZ4Y3DAW;
				ENABLE_HARDENED_RUNTIME = YES;
				ENABLE_PREVIEWS = YES;
				ENABLE_USER_SCRIPT_SANDBOXING = YES;
				GCC_C_LANGUAGE_STANDARD = gnu17;
				GENERATE_INFOPLIST_FILE = YES;
				INFOPLIST_FILE = SandboxedClientTester/Info.plist;
				INFOPLIST_KEY_NSHumanReadableCopyright = "";
				LD_RUNPATH_SEARCH_PATHS = (
					"$(inherited)",
					"@executable_path/../Frameworks",
				);
				LOCALIZATION_PREFERS_STRING_CATALOGS = YES;
				MACOSX_DEPLOYMENT_TARGET = 14.2;
				MARKETING_VERSION = 1.0;
				PRODUCT_BUNDLE_IDENTIFIER = com.intii.CopilotForXcode.SandboxedClientTester;
				PRODUCT_NAME = "$(TARGET_NAME)";
				SWIFT_EMIT_LOC_STRINGS = YES;
				SWIFT_VERSION = 5.0;
			};
			name = Release;
		};
/* End XCBuildConfiguration section */

/* Begin XCConfigurationList section */
		C814589C2939EFDC00135263 /* Build configuration list for PBXNativeTarget "EditorExtension" */ = {
			isa = XCConfigurationList;
			buildConfigurations = (
				C814589D2939EFDC00135263 /* Debug */,
				C814589E2939EFDC00135263 /* Release */,
			);
			defaultConfigurationIsVisible = 0;
			defaultConfigurationName = Release;
		};
		C8189B112938972F00C9DCDA /* Build configuration list for PBXProject "Copilot for Xcode" */ = {
			isa = XCConfigurationList;
			buildConfigurations = (
				C8189B232938973000C9DCDA /* Debug */,
				C8189B242938973000C9DCDA /* Release */,
			);
			defaultConfigurationIsVisible = 0;
			defaultConfigurationName = Release;
		};
		C8189B252938973000C9DCDA /* Build configuration list for PBXNativeTarget "Copilot for Xcode" */ = {
			isa = XCConfigurationList;
			buildConfigurations = (
				C8189B262938973000C9DCDA /* Debug */,
				C8189B272938973000C9DCDA /* Release */,
			);
			defaultConfigurationIsVisible = 0;
			defaultConfigurationName = Release;
		};
		C8216B74298036EC00AD38C7 /* Build configuration list for PBXNativeTarget "Helper" */ = {
			isa = XCConfigurationList;
			buildConfigurations = (
				C8216B75298036EC00AD38C7 /* Debug */,
				C8216B76298036EC00AD38C7 /* Release */,
			);
			defaultConfigurationIsVisible = 0;
			defaultConfigurationName = Release;
		};
		C861E61A2994F6080056CB02 /* Build configuration list for PBXNativeTarget "ExtensionService" */ = {
			isa = XCConfigurationList;
			buildConfigurations = (
				C861E61B2994F6080056CB02 /* Debug */,
				C861E61C2994F6080056CB02 /* Release */,
			);
			defaultConfigurationIsVisible = 0;
			defaultConfigurationName = Release;
		};
		C8738B672BE4D4B900609E7F /* Build configuration list for PBXNativeTarget "CommunicationBridge" */ = {
			isa = XCConfigurationList;
			buildConfigurations = (
				C8738B682BE4D4B900609E7F /* Debug */,
				C8738B692BE4D4B900609E7F /* Release */,
			);
			defaultConfigurationIsVisible = 0;
			defaultConfigurationName = Release;
		};
		C8738B842BE5363900609E7F /* Build configuration list for PBXNativeTarget "SandboxedClientTester" */ = {
			isa = XCConfigurationList;
			buildConfigurations = (
				C8738B852BE5363900609E7F /* Debug */,
				C8738B862BE5363900609E7F /* Release */,
			);
			defaultConfigurationIsVisible = 0;
			defaultConfigurationName = Release;
		};
/* End XCConfigurationList section */

/* Begin XCRemoteSwiftPackageReference section */
		C80C91742A588DD800B5EADA /* XCRemoteSwiftPackageReference "usearch" */ = {
			isa = XCRemoteSwiftPackageReference;
			repositoryURL = "https://github.com/unum-cloud/usearch";
			requirement = {
				kind = upToNextMajorVersion;
				minimumVersion = 0.19.1;
			};
		};
		C8216B792980373800AD38C7 /* XCRemoteSwiftPackageReference "swift-argument-parser" */ = {
			isa = XCRemoteSwiftPackageReference;
			repositoryURL = "https://github.com/apple/swift-argument-parser.git";
			requirement = {
				kind = upToNextMajorVersion;
				minimumVersion = 1.0.0;
			};
		};
/* End XCRemoteSwiftPackageReference section */

/* Begin XCSwiftPackageProductDependency section */
		C8216B7C2980374300AD38C7 /* ArgumentParser */ = {
			isa = XCSwiftPackageProductDependency;
			package = C8216B792980373800AD38C7 /* XCRemoteSwiftPackageReference "swift-argument-parser" */;
			productName = ArgumentParser;
		};
		C861E61D2994F6150056CB02 /* Service */ = {
			isa = XCSwiftPackageProductDependency;
			productName = Service;
		};
		C86612F72A06AF74009197D9 /* HostApp */ = {
			isa = XCSwiftPackageProductDependency;
			productName = HostApp;
		};
		C8738B6E2BE4F7A600609E7F /* XPCShared */ = {
			isa = XCSwiftPackageProductDependency;
			productName = XPCShared;
		};
		C8738B872BE5365000609E7F /* Client */ = {
			isa = XCSwiftPackageProductDependency;
			productName = Client;
		};
		C882175B294187EF00A22FD3 /* Client */ = {
			isa = XCSwiftPackageProductDependency;
			productName = Client;
		};
/* End XCSwiftPackageProductDependency section */
	};
	rootObject = C8189B0E2938972F00C9DCDA /* Project object */;
}
